// !$*UTF8*$!
{
	archiveVersion = 1;
	classes = {
	};
	objectVersion = 52;
	objects = {

/* Begin PBXBuildFile section */
		5589776C230533D900EB8C91 /* AppDelegate.swift in Sources */ = {isa = PBXBuildFile; fileRef = 5589776B230533D900EB8C91 /* AppDelegate.swift */; };
		5589776E230533D900EB8C91 /* SceneDelegate.swift in Sources */ = {isa = PBXBuildFile; fileRef = 5589776D230533D900EB8C91 /* SceneDelegate.swift */; };
		55897770230533D900EB8C91 /* ContentView.swift in Sources */ = {isa = PBXBuildFile; fileRef = 5589776F230533D900EB8C91 /* ContentView.swift */; };
		55897772230533DD00EB8C91 /* Assets.xcassets in Resources */ = {isa = PBXBuildFile; fileRef = 55897771230533DD00EB8C91 /* Assets.xcassets */; };
		55897775230533DD00EB8C91 /* Preview Assets.xcassets in Resources */ = {isa = PBXBuildFile; fileRef = 55897774230533DD00EB8C91 /* Preview Assets.xcassets */; };
		55897778230533DD00EB8C91 /* LaunchScreen.storyboard in Resources */ = {isa = PBXBuildFile; fileRef = 55897776230533DD00EB8C91 /* LaunchScreen.storyboard */; };
		55897783230533DE00EB8C91 /* PushNotificationTests.swift in Sources */ = {isa = PBXBuildFile; fileRef = 55897782230533DE00EB8C91 /* PushNotificationTests.swift */; };
		5589778E230533DE00EB8C91 /* PushNotificationUITests.swift in Sources */ = {isa = PBXBuildFile; fileRef = 5589778D230533DE00EB8C91 /* PushNotificationUITests.swift */; };
/* End PBXBuildFile section */

/* Begin PBXContainerItemProxy section */
		5589777F230533DE00EB8C91 /* PBXContainerItemProxy */ = {
			isa = PBXContainerItemProxy;
			containerPortal = 55897760230533D900EB8C91 /* Project object */;
			proxyType = 1;
			remoteGlobalIDString = 55897767230533D900EB8C91;
			remoteInfo = PushNotification;
		};
		5589778A230533DE00EB8C91 /* PBXContainerItemProxy */ = {
			isa = PBXContainerItemProxy;
			containerPortal = 55897760230533D900EB8C91 /* Project object */;
			proxyType = 1;
			remoteGlobalIDString = 55897767230533D900EB8C91;
			remoteInfo = PushNotification;
		};
/* End PBXContainerItemProxy section */

/* Begin PBXFileReference section */
		55897768230533D900EB8C91 /* PushNotification.app */ = {isa = PBXFileReference; explicitFileType = wrapper.application; includeInIndex = 0; path = PushNotification.app; sourceTree = BUILT_PRODUCTS_DIR; };
		5589776B230533D900EB8C91 /* AppDelegate.swift */ = {isa = PBXFileReference; lastKnownFileType = sourcecode.swift; path = AppDelegate.swift; sourceTree = "<group>"; };
		5589776D230533D900EB8C91 /* SceneDelegate.swift */ = {isa = PBXFileReference; lastKnownFileType = sourcecode.swift; path = SceneDelegate.swift; sourceTree = "<group>"; };
		5589776F230533D900EB8C91 /* ContentView.swift */ = {isa = PBXFileReference; lastKnownFileType = sourcecode.swift; path = ContentView.swift; sourceTree = "<group>"; };
		55897771230533DD00EB8C91 /* Assets.xcassets */ = {isa = PBXFileReference; lastKnownFileType = folder.assetcatalog; path = Assets.xcassets; sourceTree = "<group>"; };
		55897774230533DD00EB8C91 /* Preview Assets.xcassets */ = {isa = PBXFileReference; lastKnownFileType = folder.assetcatalog; path = "Preview Assets.xcassets"; sourceTree = "<group>"; };
		55897777230533DD00EB8C91 /* Base */ = {isa = PBXFileReference; lastKnownFileType = file.storyboard; name = Base; path = Base.lproj/LaunchScreen.storyboard; sourceTree = "<group>"; };
		55897779230533DD00EB8C91 /* Info.plist */ = {isa = PBXFileReference; lastKnownFileType = text.plist.xml; path = Info.plist; sourceTree = "<group>"; };
		5589777E230533DE00EB8C91 /* PushNotificationTests.xctest */ = {isa = PBXFileReference; explicitFileType = wrapper.cfbundle; includeInIndex = 0; path = PushNotificationTests.xctest; sourceTree = BUILT_PRODUCTS_DIR; };
		55897782230533DE00EB8C91 /* PushNotificationTests.swift */ = {isa = PBXFileReference; lastKnownFileType = sourcecode.swift; path = PushNotificationTests.swift; sourceTree = "<group>"; };
		55897784230533DE00EB8C91 /* Info.plist */ = {isa = PBXFileReference; lastKnownFileType = text.plist.xml; path = Info.plist; sourceTree = "<group>"; };
		55897789230533DE00EB8C91 /* PushNotificationUITests.xctest */ = {isa = PBXFileReference; explicitFileType = wrapper.cfbundle; includeInIndex = 0; path = PushNotificationUITests.xctest; sourceTree = BUILT_PRODUCTS_DIR; };
		5589778D230533DE00EB8C91 /* PushNotificationUITests.swift */ = {isa = PBXFileReference; lastKnownFileType = sourcecode.swift; path = PushNotificationUITests.swift; sourceTree = "<group>"; };
		5589778F230533DE00EB8C91 /* Info.plist */ = {isa = PBXFileReference; lastKnownFileType = text.plist.xml; path = Info.plist; sourceTree = "<group>"; };
		5589779B2305362900EB8C91 /* PushNotificationDebug.entitlements */ = {isa = PBXFileReference; lastKnownFileType = text.plist.entitlements; path = PushNotificationDebug.entitlements; sourceTree = "<group>"; };
/* End PBXFileReference section */

/* Begin PBXFrameworksBuildPhase section */
		55897765230533D900EB8C91 /* Frameworks */ = {
			isa = PBXFrameworksBuildPhase;
			buildActionMask = 2147483647;
			files = (
			);
			runOnlyForDeploymentPostprocessing = 0;
		};
		5589777B230533DE00EB8C91 /* Frameworks */ = {
			isa = PBXFrameworksBuildPhase;
			buildActionMask = 2147483647;
			files = (
			);
			runOnlyForDeploymentPostprocessing = 0;
		};
		55897786230533DE00EB8C91 /* Frameworks */ = {
			isa = PBXFrameworksBuildPhase;
			buildActionMask = 2147483647;
			files = (
			);
			runOnlyForDeploymentPostprocessing = 0;
		};
/* End PBXFrameworksBuildPhase section */

/* Begin PBXGroup section */
		5589775F230533D900EB8C91 = {
			isa = PBXGroup;
			children = (
				5589776A230533D900EB8C91 /* PushNotification */,
				55897781230533DE00EB8C91 /* PushNotificationTests */,
				5589778C230533DE00EB8C91 /* PushNotificationUITests */,
				55897769230533D900EB8C91 /* Products */,
			);
			sourceTree = "<group>";
		};
		55897769230533D900EB8C91 /* Products */ = {
			isa = PBXGroup;
			children = (
				55897768230533D900EB8C91 /* PushNotification.app */,
				5589777E230533DE00EB8C91 /* PushNotificationTests.xctest */,
				55897789230533DE00EB8C91 /* PushNotificationUITests.xctest */,
			);
			name = Products;
			sourceTree = "<group>";
		};
		5589776A230533D900EB8C91 /* PushNotification */ = {
			isa = PBXGroup;
			children = (
				5589779B2305362900EB8C91 /* PushNotificationDebug.entitlements */,
				5589776B230533D900EB8C91 /* AppDelegate.swift */,
				5589776D230533D900EB8C91 /* SceneDelegate.swift */,
				5589776F230533D900EB8C91 /* ContentView.swift */,
				55897771230533DD00EB8C91 /* Assets.xcassets */,
				55897776230533DD00EB8C91 /* LaunchScreen.storyboard */,
				55897779230533DD00EB8C91 /* Info.plist */,
				55897773230533DD00EB8C91 /* Preview Content */,
			);
			path = PushNotification;
			sourceTree = "<group>";
		};
		55897773230533DD00EB8C91 /* Preview Content */ = {
			isa = PBXGroup;
			children = (
				55897774230533DD00EB8C91 /* Preview Assets.xcassets */,
			);
			path = "Preview Content";
			sourceTree = "<group>";
		};
		55897781230533DE00EB8C91 /* PushNotificationTests */ = {
			isa = PBXGroup;
			children = (
				55897782230533DE00EB8C91 /* PushNotificationTests.swift */,
				55897784230533DE00EB8C91 /* Info.plist */,
			);
			path = PushNotificationTests;
			sourceTree = "<group>";
		};
		5589778C230533DE00EB8C91 /* PushNotificationUITests */ = {
			isa = PBXGroup;
			children = (
				5589778D230533DE00EB8C91 /* PushNotificationUITests.swift */,
				5589778F230533DE00EB8C91 /* Info.plist */,
			);
			path = PushNotificationUITests;
			sourceTree = "<group>";
		};
/* End PBXGroup section */

/* Begin PBXNativeTarget section */
		55897767230533D900EB8C91 /* PushNotification */ = {
			isa = PBXNativeTarget;
			buildConfigurationList = 55897792230533DE00EB8C91 /* Build configuration list for PBXNativeTarget "PushNotification" */;
			buildPhases = (
				55897764230533D900EB8C91 /* Sources */,
				55897765230533D900EB8C91 /* Frameworks */,
				55897766230533D900EB8C91 /* Resources */,
			);
			buildRules = (
			);
			dependencies = (
			);
			name = PushNotification;
			productName = PushNotification;
			productReference = 55897768230533D900EB8C91 /* PushNotification.app */;
			productType = "com.apple.product-type.application";
		};
		5589777D230533DE00EB8C91 /* PushNotificationTests */ = {
			isa = PBXNativeTarget;
			buildConfigurationList = 55897795230533DE00EB8C91 /* Build configuration list for PBXNativeTarget "PushNotificationTests" */;
			buildPhases = (
				5589777A230533DE00EB8C91 /* Sources */,
				5589777B230533DE00EB8C91 /* Frameworks */,
				5589777C230533DE00EB8C91 /* Resources */,
			);
			buildRules = (
			);
			dependencies = (
				55897780230533DE00EB8C91 /* PBXTargetDependency */,
			);
			name = PushNotificationTests;
			productName = PushNotificationTests;
			productReference = 5589777E230533DE00EB8C91 /* PushNotificationTests.xctest */;
			productType = "com.apple.product-type.bundle.unit-test";
		};
		55897788230533DE00EB8C91 /* PushNotificationUITests */ = {
			isa = PBXNativeTarget;
			buildConfigurationList = 55897798230533DE00EB8C91 /* Build configuration list for PBXNativeTarget "PushNotificationUITests" */;
			buildPhases = (
				55897785230533DE00EB8C91 /* Sources */,
				55897786230533DE00EB8C91 /* Frameworks */,
				55897787230533DE00EB8C91 /* Resources */,
			);
			buildRules = (
			);
			dependencies = (
				5589778B230533DE00EB8C91 /* PBXTargetDependency */,
			);
			name = PushNotificationUITests;
			productName = PushNotificationUITests;
			productReference = 55897789230533DE00EB8C91 /* PushNotificationUITests.xctest */;
			productType = "com.apple.product-type.bundle.ui-testing";
		};
/* End PBXNativeTarget section */

/* Begin PBXProject section */
		55897760230533D900EB8C91 /* Project object */ = {
			isa = PBXProject;
			attributes = {
				LastSwiftUpdateCheck = 1100;
				LastUpgradeCheck = 1100;
				ORGANIZATIONNAME = "Prasanna Naik";
				TargetAttributes = {
					55897767230533D900EB8C91 = {
						CreatedOnToolsVersion = 11.0;
					};
					5589777D230533DE00EB8C91 = {
						CreatedOnToolsVersion = 11.0;
						TestTargetID = 55897767230533D900EB8C91;
					};
					55897788230533DE00EB8C91 = {
						CreatedOnToolsVersion = 11.0;
						TestTargetID = 55897767230533D900EB8C91;
					};
				};
			};
			buildConfigurationList = 55897763230533D900EB8C91 /* Build configuration list for PBXProject "PushNotification" */;
			compatibilityVersion = "Xcode 11.0";
			developmentRegion = en;
			hasScannedForEncodings = 0;
			knownRegions = (
				en,
				Base,
			);
			mainGroup = 5589775F230533D900EB8C91;
			productRefGroup = 55897769230533D900EB8C91 /* Products */;
			projectDirPath = "";
			projectRoot = "";
			targets = (
				55897767230533D900EB8C91 /* PushNotification */,
				5589777D230533DE00EB8C91 /* PushNotificationTests */,
				55897788230533DE00EB8C91 /* PushNotificationUITests */,
			);
		};
/* End PBXProject section */

/* Begin PBXResourcesBuildPhase section */
		55897766230533D900EB8C91 /* Resources */ = {
			isa = PBXResourcesBuildPhase;
			buildActionMask = 2147483647;
			files = (
				55897778230533DD00EB8C91 /* LaunchScreen.storyboard in Resources */,
				55897775230533DD00EB8C91 /* Preview Assets.xcassets in Resources */,
				55897772230533DD00EB8C91 /* Assets.xcassets in Resources */,
			);
			runOnlyForDeploymentPostprocessing = 0;
		};
		5589777C230533DE00EB8C91 /* Resources */ = {
			isa = PBXResourcesBuildPhase;
			buildActionMask = 2147483647;
			files = (
			);
			runOnlyForDeploymentPostprocessing = 0;
		};
		55897787230533DE00EB8C91 /* Resources */ = {
			isa = PBXResourcesBuildPhase;
			buildActionMask = 2147483647;
			files = (
			);
			runOnlyForDeploymentPostprocessing = 0;
		};
/* End PBXResourcesBuildPhase section */

/* Begin PBXSourcesBuildPhase section */
		55897764230533D900EB8C91 /* Sources */ = {
			isa = PBXSourcesBuildPhase;
			buildActionMask = 2147483647;
			files = (
				5589776C230533D900EB8C91 /* AppDelegate.swift in Sources */,
				5589776E230533D900EB8C91 /* SceneDelegate.swift in Sources */,
				55897770230533D900EB8C91 /* ContentView.swift in Sources */,
			);
			runOnlyForDeploymentPostprocessing = 0;
		};
		5589777A230533DE00EB8C91 /* Sources */ = {
			isa = PBXSourcesBuildPhase;
			buildActionMask = 2147483647;
			files = (
				55897783230533DE00EB8C91 /* PushNotificationTests.swift in Sources */,
			);
			runOnlyForDeploymentPostprocessing = 0;
		};
		55897785230533DE00EB8C91 /* Sources */ = {
			isa = PBXSourcesBuildPhase;
			buildActionMask = 2147483647;
			files = (
				5589778E230533DE00EB8C91 /* PushNotificationUITests.swift in Sources */,
			);
			runOnlyForDeploymentPostprocessing = 0;
		};
/* End PBXSourcesBuildPhase section */

/* Begin PBXTargetDependency section */
		55897780230533DE00EB8C91 /* PBXTargetDependency */ = {
			isa = PBXTargetDependency;
			target = 55897767230533D900EB8C91 /* PushNotification */;
			targetProxy = 5589777F230533DE00EB8C91 /* PBXContainerItemProxy */;
		};
		5589778B230533DE00EB8C91 /* PBXTargetDependency */ = {
			isa = PBXTargetDependency;
			target = 55897767230533D900EB8C91 /* PushNotification */;
			targetProxy = 5589778A230533DE00EB8C91 /* PBXContainerItemProxy */;
		};
/* End PBXTargetDependency section */

/* Begin PBXVariantGroup section */
		55897776230533DD00EB8C91 /* LaunchScreen.storyboard */ = {
			isa = PBXVariantGroup;
			children = (
				55897777230533DD00EB8C91 /* Base */,
			);
			name = LaunchScreen.storyboard;
			sourceTree = "<group>";
		};
/* End PBXVariantGroup section */

/* Begin XCBuildConfiguration section */
		55897790230533DE00EB8C91 /* Debug */ = {
			isa = XCBuildConfiguration;
			buildSettings = {
				ALWAYS_SEARCH_USER_PATHS = NO;
				CLANG_ANALYZER_NONNULL = YES;
				CLANG_ANALYZER_NUMBER_OBJECT_CONVERSION = YES_AGGRESSIVE;
				CLANG_CXX_LANGUAGE_STANDARD = "gnu++14";
				CLANG_CXX_LIBRARY = "libc++";
				CLANG_ENABLE_MODULES = YES;
				CLANG_ENABLE_OBJC_ARC = YES;
				CLANG_ENABLE_OBJC_WEAK = YES;
				CLANG_WARN_BLOCK_CAPTURE_AUTORELEASING = YES;
				CLANG_WARN_BOOL_CONVERSION = YES;
				CLANG_WARN_COMMA = YES;
				CLANG_WARN_CONSTANT_CONVERSION = YES;
				CLANG_WARN_DEPRECATED_OBJC_IMPLEMENTATIONS = YES;
				CLANG_WARN_DIRECT_OBJC_ISA_USAGE = YES_ERROR;
				CLANG_WARN_DOCUMENTATION_COMMENTS = YES;
				CLANG_WARN_EMPTY_BODY = YES;
				CLANG_WARN_ENUM_CONVERSION = YES;
				CLANG_WARN_INFINITE_RECURSION = YES;
				CLANG_WARN_INT_CONVERSION = YES;
				CLANG_WARN_NON_LITERAL_NULL_CONVERSION = YES;
				CLANG_WARN_OBJC_IMPLICIT_RETAIN_SELF = YES;
				CLANG_WARN_OBJC_LITERAL_CONVERSION = YES;
				CLANG_WARN_OBJC_ROOT_CLASS = YES_ERROR;
				CLANG_WARN_RANGE_LOOP_ANALYSIS = YES;
				CLANG_WARN_STRICT_PROTOTYPES = YES;
				CLANG_WARN_SUSPICIOUS_MOVE = YES;
				CLANG_WARN_UNGUARDED_AVAILABILITY = YES_AGGRESSIVE;
				CLANG_WARN_UNREACHABLE_CODE = YES;
				CLANG_WARN__DUPLICATE_METHOD_MATCH = YES;
				COPY_PHASE_STRIP = NO;
				DEBUG_INFORMATION_FORMAT = dwarf;
				ENABLE_STRICT_OBJC_MSGSEND = YES;
				ENABLE_TESTABILITY = YES;
				GCC_C_LANGUAGE_STANDARD = gnu11;
				GCC_DYNAMIC_NO_PIC = NO;
				GCC_NO_COMMON_BLOCKS = YES;
				GCC_OPTIMIZATION_LEVEL = 0;
				GCC_PREPROCESSOR_DEFINITIONS = (
					"DEBUG=1",
					"$(inherited)",
				);
				GCC_WARN_64_TO_32_BIT_CONVERSION = YES;
				GCC_WARN_ABOUT_RETURN_TYPE = YES_ERROR;
				GCC_WARN_UNDECLARED_SELECTOR = YES;
				GCC_WARN_UNINITIALIZED_AUTOS = YES_AGGRESSIVE;
				GCC_WARN_UNUSED_FUNCTION = YES;
				GCC_WARN_UNUSED_VARIABLE = YES;
				IPHONEOS_DEPLOYMENT_TARGET = 13.0;
				MTL_ENABLE_DEBUG_INFO = INCLUDE_SOURCE;
				MTL_FAST_MATH = YES;
				ONLY_ACTIVE_ARCH = YES;
				SDKROOT = iphoneos;
				SWIFT_ACTIVE_COMPILATION_CONDITIONS = DEBUG;
				SWIFT_OPTIMIZATION_LEVEL = "-Onone";
			};
			name = Debug;
		};
		55897791230533DE00EB8C91 /* Release */ = {
			isa = XCBuildConfiguration;
			buildSettings = {
				ALWAYS_SEARCH_USER_PATHS = NO;
				CLANG_ANALYZER_NONNULL = YES;
				CLANG_ANALYZER_NUMBER_OBJECT_CONVERSION = YES_AGGRESSIVE;
				CLANG_CXX_LANGUAGE_STANDARD = "gnu++14";
				CLANG_CXX_LIBRARY = "libc++";
				CLANG_ENABLE_MODULES = YES;
				CLANG_ENABLE_OBJC_ARC = YES;
				CLANG_ENABLE_OBJC_WEAK = YES;
				CLANG_WARN_BLOCK_CAPTURE_AUTORELEASING = YES;
				CLANG_WARN_BOOL_CONVERSION = YES;
				CLANG_WARN_COMMA = YES;
				CLANG_WARN_CONSTANT_CONVERSION = YES;
				CLANG_WARN_DEPRECATED_OBJC_IMPLEMENTATIONS = YES;
				CLANG_WARN_DIRECT_OBJC_ISA_USAGE = YES_ERROR;
				CLANG_WARN_DOCUMENTATION_COMMENTS = YES;
				CLANG_WARN_EMPTY_BODY = YES;
				CLANG_WARN_ENUM_CONVERSION = YES;
				CLANG_WARN_INFINITE_RECURSION = YES;
				CLANG_WARN_INT_CONVERSION = YES;
				CLANG_WARN_NON_LITERAL_NULL_CONVERSION = YES;
				CLANG_WARN_OBJC_IMPLICIT_RETAIN_SELF = YES;
				CLANG_WARN_OBJC_LITERAL_CONVERSION = YES;
				CLANG_WARN_OBJC_ROOT_CLASS = YES_ERROR;
				CLANG_WARN_RANGE_LOOP_ANALYSIS = YES;
				CLANG_WARN_STRICT_PROTOTYPES = YES;
				CLANG_WARN_SUSPICIOUS_MOVE = YES;
				CLANG_WARN_UNGUARDED_AVAILABILITY = YES_AGGRESSIVE;
				CLANG_WARN_UNREACHABLE_CODE = YES;
				CLANG_WARN__DUPLICATE_METHOD_MATCH = YES;
				COPY_PHASE_STRIP = NO;
				DEBUG_INFORMATION_FORMAT = "dwarf-with-dsym";
				ENABLE_NS_ASSERTIONS = NO;
				ENABLE_STRICT_OBJC_MSGSEND = YES;
				GCC_C_LANGUAGE_STANDARD = gnu11;
				GCC_NO_COMMON_BLOCKS = YES;
				GCC_WARN_64_TO_32_BIT_CONVERSION = YES;
				GCC_WARN_ABOUT_RETURN_TYPE = YES_ERROR;
				GCC_WARN_UNDECLARED_SELECTOR = YES;
				GCC_WARN_UNINITIALIZED_AUTOS = YES_AGGRESSIVE;
				GCC_WARN_UNUSED_FUNCTION = YES;
				GCC_WARN_UNUSED_VARIABLE = YES;
				IPHONEOS_DEPLOYMENT_TARGET = 13.0;
				MTL_ENABLE_DEBUG_INFO = NO;
				MTL_FAST_MATH = YES;
				SDKROOT = iphoneos;
				SWIFT_COMPILATION_MODE = wholemodule;
				SWIFT_OPTIMIZATION_LEVEL = "-O";
				VALIDATE_PRODUCT = YES;
			};
			name = Release;
		};
		55897793230533DE00EB8C91 /* Debug */ = {
			isa = XCBuildConfiguration;
			buildSettings = {
				ASSETCATALOG_COMPILER_APPICON_NAME = AppIcon;
				CODE_SIGN_ENTITLEMENTS = PushNotification/PushNotificationDebug.entitlements;
				CODE_SIGN_STYLE = Automatic;
				DEVELOPMENT_ASSET_PATHS = "PushNotification/Preview\\ Content";
				DEVELOPMENT_TEAM = 6JT3N6693L;
				ENABLE_PREVIEWS = YES;
				INFOPLIST_FILE = PushNotification/Info.plist;
				LD_RUNPATH_SEARCH_PATHS = (
					"$(inherited)",
					"@executable_path/Frameworks",
				);
				PRODUCT_BUNDLE_IDENTIFIER = com.personal.devsunny;
				PRODUCT_NAME = "$(TARGET_NAME)";
				SWIFT_VERSION = 5.0;
				TARGETED_DEVICE_FAMILY = "1,2";
			};
			name = Debug;
		};
		55897794230533DE00EB8C91 /* Release */ = {
			isa = XCBuildConfiguration;
			buildSettings = {
				ASSETCATALOG_COMPILER_APPICON_NAME = AppIcon;
				CODE_SIGN_STYLE = Automatic;
				DEVELOPMENT_ASSET_PATHS = "PushNotification/Preview\\ Content";
				DEVELOPMENT_TEAM = 6JT3N6693L;
				ENABLE_PREVIEWS = YES;
				INFOPLIST_FILE = PushNotification/Info.plist;
				LD_RUNPATH_SEARCH_PATHS = (
					"$(inherited)",
					"@executable_path/Frameworks",
				);
				PRODUCT_BUNDLE_IDENTIFIER = com.personal.devsunny;
				PRODUCT_NAME = "$(TARGET_NAME)";
				SWIFT_VERSION = 5.0;
				TARGETED_DEVICE_FAMILY = "1,2";
			};
			name = Release;
		};
		55897796230533DE00EB8C91 /* Debug */ = {
			isa = XCBuildConfiguration;
			buildSettings = {
				ALWAYS_EMBED_SWIFT_STANDARD_LIBRARIES = YES;
				BUNDLE_LOADER = "$(TEST_HOST)";
				CODE_SIGN_STYLE = Automatic;
				INFOPLIST_FILE = PushNotificationTests/Info.plist;
				LD_RUNPATH_SEARCH_PATHS = (
					"$(inherited)",
					"@executable_path/Frameworks",
					"@loader_path/Frameworks",
				);
				PRODUCT_BUNDLE_IDENTIFIER = sunny.PushNotificationTests;
				PRODUCT_NAME = "$(TARGET_NAME)";
				SWIFT_VERSION = 5.0;
				TARGETED_DEVICE_FAMILY = "1,2";
				TEST_HOST = "$(BUILT_PRODUCTS_DIR)/PushNotification.app/PushNotification";
			};
			name = Debug;
		};
		55897797230533DE00EB8C91 /* Release */ = {
			isa = XCBuildConfiguration;
			buildSettings = {
				ALWAYS_EMBED_SWIFT_STANDARD_LIBRARIES = YES;
				BUNDLE_LOADER = "$(TEST_HOST)";
				CODE_SIGN_STYLE = Automatic;
				INFOPLIST_FILE = PushNotificationTests/Info.plist;
				LD_RUNPATH_SEARCH_PATHS = (
					"$(inherited)",
					"@executable_path/Frameworks",
					"@loader_path/Frameworks",
				);
				PRODUCT_BUNDLE_IDENTIFIER = sunny.PushNotificationTests;
				PRODUCT_NAME = "$(TARGET_NAME)";
				SWIFT_VERSION = 5.0;
				TARGETED_DEVICE_FAMILY = "1,2";
				TEST_HOST = "$(BUILT_PRODUCTS_DIR)/PushNotification.app/PushNotification";
			};
			name = Release;
		};
		55897799230533DE00EB8C91 /* Debug */ = {
			isa = XCBuildConfiguration;
			buildSettings = {
				ALWAYS_EMBED_SWIFT_STANDARD_LIBRARIES = YES;
				CODE_SIGN_STYLE = Automatic;
				INFOPLIST_FILE = PushNotificationUITests/Info.plist;
				LD_RUNPATH_SEARCH_PATHS = (
					"$(inherited)",
					"@executable_path/Frameworks",
					"@loader_path/Frameworks",
				);
				PRODUCT_BUNDLE_IDENTIFIER = sunny.PushNotificationUITests;
				PRODUCT_NAME = "$(TARGET_NAME)";
				SWIFT_VERSION = 5.0;
				TARGETED_DEVICE_FAMILY = "1,2";
				TEST_TARGET_NAME = PushNotification;
			};
			name = Debug;
		};
		5589779A230533DE00EB8C91 /* Release */ = {
			isa = XCBuildConfiguration;
			buildSettings = {
				ALWAYS_EMBED_SWIFT_STANDARD_LIBRARIES = YES;
				CODE_SIGN_STYLE = Automatic;
				INFOPLIST_FILE = PushNotificationUITests/Info.plist;
				LD_RUNPATH_SEARCH_PATHS = (
					"$(inherited)",
					"@executable_path/Frameworks",
					"@loader_path/Frameworks",
				);
				PRODUCT_BUNDLE_IDENTIFIER = sunny.PushNotificationUITests;
				PRODUCT_NAME = "$(TARGET_NAME)";
				SWIFT_VERSION = 5.0;
				TARGETED_DEVICE_FAMILY = "1,2";
				TEST_TARGET_NAME = PushNotification;
			};
			name = Release;
		};
/* End XCBuildConfiguration section */

/* Begin XCConfigurationList section */
		55897763230533D900EB8C91 /* Build configuration list for PBXProject "PushNotification" */ = {
			isa = XCConfigurationList;
			buildConfigurations = (
				55897790230533DE00EB8C91 /* Debug */,
				55897791230533DE00EB8C91 /* Release */,
			);
			defaultConfigurationIsVisible = 0;
			defaultConfigurationName = Release;
		};
		55897792230533DE00EB8C91 /* Build configuration list for PBXNativeTarget "PushNotification" */ = {
			isa = XCConfigurationList;
			buildConfigurations = (
				55897793230533DE00EB8C91 /* Debug */,
				55897794230533DE00EB8C91 /* Release */,
			);
			defaultConfigurationIsVisible = 0;
			defaultConfigurationName = Release;
		};
		55897795230533DE00EB8C91 /* Build configuration list for PBXNativeTarget "PushNotificationTests" */ = {
			isa = XCConfigurationList;
			buildConfigurations = (
				55897796230533DE00EB8C91 /* Debug */,
				55897797230533DE00EB8C91 /* Release */,
			);
			defaultConfigurationIsVisible = 0;
			defaultConfigurationName = Release;
		};
		55897798230533DE00EB8C91 /* Build configuration list for PBXNativeTarget "PushNotificationUITests" */ = {
			isa = XCConfigurationList;
			buildConfigurations = (
				55897799230533DE00EB8C91 /* Debug */,
				5589779A230533DE00EB8C91 /* Release */,
			);
			defaultConfigurationIsVisible = 0;
			defaultConfigurationName = Release;
		};
/* End XCConfigurationList section */
	};
	rootObject = 55897760230533D900EB8C91 /* Project object */;
}
